{
    "_readme": [
        "This file locks the dependencies of your project to a known state",
        "Read more about it at https://getcomposer.org/doc/01-basic-usage.md#installing-dependencies",
        "This file is @generated automatically"
    ],
    "content-hash": "5db9bb9efd3edd423cd120c1554e2793",
    "packages": [
        {
            "name": "bcosca/fatfree-core",
            "version": "dev-master",
            "source": {
                "type": "git",
                "url": "https://github.com/bcosca/fatfree-core.git",
                "reference": "a74879a26f7dff39dcde07920b543389965c5e55"
            },
            "dist": {
                "type": "zip",
                "url": "https://api.github.com/repos/bcosca/fatfree-core/zipball/a74879a26f7dff39dcde07920b543389965c5e55",
                "reference": "a74879a26f7dff39dcde07920b543389965c5e55",
                "shasum": ""
            },
            "require": {
                "php": ">=5.4"
            },
            "default-branch": true,
            "type": "library",
            "autoload": {
                "classmap": [
                    "."
                ]
            },
            "notification-url": "https://packagist.org/downloads/",
            "license": [
                "GPL-3.0"
            ],
            "description": "A powerful yet easy-to-use PHP micro-framework designed to help you build dynamic and robust Web applications - fast!",
            "homepage": "http://fatfreeframework.com/",
            "support": {
                "issues": "https://github.com/bcosca/fatfree-core/issues",
                "source": "https://github.com/bcosca/fatfree-core/tree/master"
            },
            "time": "2021-08-02T17:47:56+00:00"
        }
    ],
    "packages-dev": [],
    "aliases": [],
    "minimum-stability": "dev",
    "stability-flags": {
        "bcosca/fatfree-core": 20
    },
    "prefer-stable": false,
    "prefer-lowest": false,
    "platform": [],
    "platform-dev": [],
    "plugin-api-version": "2.1.0"
}
